// !$*UTF8*$!
{
	archiveVersion = 1;
	classes = {
	};
	objectVersion = 50;
	objects = {

/* Begin PBXBuildFile section */
		C02C368C24C0D5AF00648277 /* AppDelegate.swift in Sources */ = {isa = PBXBuildFile; fileRef = C02C368B24C0D5AF00648277 /* AppDelegate.swift */; };
		C02C368E24C0D5AF00648277 /* DocumentBrowserViewController.swift in Sources */ = {isa = PBXBuildFile; fileRef = C02C368D24C0D5AF00648277 /* DocumentBrowserViewController.swift */; };
		C02C369024C0D5AF00648277 /* DocumentView.swift in Sources */ = {isa = PBXBuildFile; fileRef = C02C368F24C0D5AF00648277 /* DocumentView.swift */; };
		C02C369224C0D5AF00648277 /* Document.swift in Sources */ = {isa = PBXBuildFile; fileRef = C02C369124C0D5AF00648277 /* Document.swift */; };
		C02C369524C0D5AF00648277 /* Main.storyboard in Resources */ = {isa = PBXBuildFile; fileRef = C02C369324C0D5AF00648277 /* Main.storyboard */; };
		C02C369724C0D5B100648277 /* Assets.xcassets in Resources */ = {isa = PBXBuildFile; fileRef = C02C369624C0D5B100648277 /* Assets.xcassets */; };
		C02C369A24C0D5B100648277 /* LaunchScreen.storyboard in Resources */ = {isa = PBXBuildFile; fileRef = C02C369824C0D5B100648277 /* LaunchScreen.storyboard */; };
		C02C36A424C0D76000648277 /* Thing.swift in Sources */ = {isa = PBXBuildFile; fileRef = C02C36A324C0D76000648277 /* Thing.swift */; };
		C02C36A624C0DD7500648277 /* Location.swift in Sources */ = {isa = PBXBuildFile; fileRef = C02C36A524C0DD7500648277 /* Location.swift */; };
		C02C36AB24C0E97C00648277 /* SQLite.framework in Frameworks */ = {isa = PBXBuildFile; fileRef = C02C36AA24C0E97B00648277 /* SQLite.framework */; };
		C02C36AC24C0E97C00648277 /* SQLite.framework in Embed Frameworks */ = {isa = PBXBuildFile; fileRef = C02C36AA24C0E97B00648277 /* SQLite.framework */; settings = {ATTRIBUTES = (CodeSignOnCopy, RemoveHeadersOnCopy, ); }; };
		C02C36AF24C10AF900648277 /* DatabaseFile.swift in Sources */ = {isa = PBXBuildFile; fileRef = C02C36AE24C10AF900648277 /* DatabaseFile.swift */; };
		C02C36B224C11A2700648277 /* Untitled.thingz in Resources */ = {isa = PBXBuildFile; fileRef = C02C36B124C115E000648277 /* Untitled.thingz */; };
		C0BA216924C1C75500648277 /* LocationsListView.swift in Sources */ = {isa = PBXBuildFile; fileRef = C0BA216824C1C75500648277 /* LocationsListView.swift */; };
		C0BA216B24C1CEC500648277 /* LocationRowView.swift in Sources */ = {isa = PBXBuildFile; fileRef = C0BA216A24C1CEC500648277 /* LocationRowView.swift */; };
		C0BA216D24C1DD9600648277 /* AddLocationView.swift in Sources */ = {isa = PBXBuildFile; fileRef = C0BA216C24C1DD9600648277 /* AddLocationView.swift */; };
		C0BA216F24C2098500648277 /* ThingsListView.swift in Sources */ = {isa = PBXBuildFile; fileRef = C0BA216E24C2098500648277 /* ThingsListView.swift */; };
		C0BA217124C23F6200648277 /* ThingRowView.swift in Sources */ = {isa = PBXBuildFile; fileRef = C0BA217024C23F6200648277 /* ThingRowView.swift */; };
		C0BA217324C241E800648277 /* AddThingView.swift in Sources */ = {isa = PBXBuildFile; fileRef = C0BA217224C241E800648277 /* AddThingView.swift */; };
/* End PBXBuildFile section */

/* Begin PBXCopyFilesBuildPhase section */
		C02C36AD24C0E97C00648277 /* Embed Frameworks */ = {
			isa = PBXCopyFilesBuildPhase;
			buildActionMask = 2147483647;
			dstPath = "";
			dstSubfolderSpec = 10;
			files = (
				C02C36AC24C0E97C00648277 /* SQLite.framework in Embed Frameworks */,
			);
			name = "Embed Frameworks";
			runOnlyForDeploymentPostprocessing = 0;
		};
/* End PBXCopyFilesBuildPhase section */

/* Begin PBXFileReference section */
		C02C368824C0D5AF00648277 /* Thingz.app */ = {isa = PBXFileReference; explicitFileType = wrapper.application; includeInIndex = 0; path = Thingz.app; sourceTree = BUILT_PRODUCTS_DIR; };
		C02C368B24C0D5AF00648277 /* AppDelegate.swift */ = {isa = PBXFileReference; lastKnownFileType = sourcecode.swift; path = AppDelegate.swift; sourceTree = "<group>"; };
		C02C368D24C0D5AF00648277 /* DocumentBrowserViewController.swift */ = {isa = PBXFileReference; lastKnownFileType = sourcecode.swift; path = DocumentBrowserViewController.swift; sourceTree = "<group>"; };
		C02C368F24C0D5AF00648277 /* DocumentView.swift */ = {isa = PBXFileReference; lastKnownFileType = sourcecode.swift; path = DocumentView.swift; sourceTree = "<group>"; };
		C02C369124C0D5AF00648277 /* Document.swift */ = {isa = PBXFileReference; lastKnownFileType = sourcecode.swift; path = Document.swift; sourceTree = "<group>"; };
		C02C369424C0D5AF00648277 /* Base */ = {isa = PBXFileReference; lastKnownFileType = file.storyboard; name = Base; path = Base.lproj/Main.storyboard; sourceTree = "<group>"; };
		C02C369624C0D5B100648277 /* Assets.xcassets */ = {isa = PBXFileReference; lastKnownFileType = folder.assetcatalog; path = Assets.xcassets; sourceTree = "<group>"; };
		C02C369924C0D5B100648277 /* Base */ = {isa = PBXFileReference; lastKnownFileType = file.storyboard; name = Base; path = Base.lproj/LaunchScreen.storyboard; sourceTree = "<group>"; };
		C02C369B24C0D5B100648277 /* Info.plist */ = {isa = PBXFileReference; lastKnownFileType = text.plist.xml; path = Info.plist; sourceTree = "<group>"; };
		C02C36A324C0D76000648277 /* Thing.swift */ = {isa = PBXFileReference; lastKnownFileType = sourcecode.swift; path = Thing.swift; sourceTree = "<group>"; };
		C02C36A524C0DD7500648277 /* Location.swift */ = {isa = PBXFileReference; lastKnownFileType = sourcecode.swift; path = Location.swift; sourceTree = "<group>"; };
		C02C36A724C0E7C300648277 /* Cartfile */ = {isa = PBXFileReference; lastKnownFileType = text; path = Cartfile; sourceTree = "<group>"; };
		C02C36A824C0E7E600648277 /* .gitignore */ = {isa = PBXFileReference; lastKnownFileType = text; path = .gitignore; sourceTree = "<group>"; };
		C02C36AA24C0E97B00648277 /* SQLite.framework */ = {isa = PBXFileReference; lastKnownFileType = wrapper.framework; name = SQLite.framework; path = Carthage/Build/iOS/SQLite.framework; sourceTree = "<group>"; };
		C02C36AE24C10AF900648277 /* DatabaseFile.swift */ = {isa = PBXFileReference; lastKnownFileType = sourcecode.swift; path = DatabaseFile.swift; sourceTree = "<group>"; };
		C02C36B124C115E000648277 /* Untitled.thingz */ = {isa = PBXFileReference; lastKnownFileType = text; path = Untitled.thingz; sourceTree = "<group>"; };
		C0BA216824C1C75500648277 /* LocationsListView.swift */ = {isa = PBXFileReference; lastKnownFileType = sourcecode.swift; path = LocationsListView.swift; sourceTree = "<group>"; };
		C0BA216A24C1CEC500648277 /* LocationRowView.swift */ = {isa = PBXFileReference; lastKnownFileType = sourcecode.swift; path = LocationRowView.swift; sourceTree = "<group>"; };
		C0BA216C24C1DD9600648277 /* AddLocationView.swift */ = {isa = PBXFileReference; lastKnownFileType = sourcecode.swift; path = AddLocationView.swift; sourceTree = "<group>"; };
		C0BA216E24C2098500648277 /* ThingsListView.swift */ = {isa = PBXFileReference; lastKnownFileType = sourcecode.swift; path = ThingsListView.swift; sourceTree = "<group>"; };
		C0BA217024C23F6200648277 /* ThingRowView.swift */ = {isa = PBXFileReference; lastKnownFileType = sourcecode.swift; path = ThingRowView.swift; sourceTree = "<group>"; };
		C0BA217224C241E800648277 /* AddThingView.swift */ = {isa = PBXFileReference; lastKnownFileType = sourcecode.swift; path = AddThingView.swift; sourceTree = "<group>"; };
/* End PBXFileReference section */

/* Begin PBXFrameworksBuildPhase section */
		C02C368524C0D5AF00648277 /* Frameworks */ = {
			isa = PBXFrameworksBuildPhase;
			buildActionMask = 2147483647;
			files = (
				C02C36AB24C0E97C00648277 /* SQLite.framework in Frameworks */,
			);
			runOnlyForDeploymentPostprocessing = 0;
		};
/* End PBXFrameworksBuildPhase section */

/* Begin PBXGroup section */
		C02C367F24C0D5AF00648277 = {
			isa = PBXGroup;
			children = (
				C02C36A824C0E7E600648277 /* .gitignore */,
				C02C36A724C0E7C300648277 /* Cartfile */,
				C02C368A24C0D5AF00648277 /* Thingz */,
				C02C368924C0D5AF00648277 /* Products */,
				C02C36A924C0E97B00648277 /* Frameworks */,
			);
			sourceTree = "<group>";
		};
		C02C368924C0D5AF00648277 /* Products */ = {
			isa = PBXGroup;
			children = (
				C02C368824C0D5AF00648277 /* Thingz.app */,
			);
			name = Products;
			sourceTree = "<group>";
		};
		C02C368A24C0D5AF00648277 /* Thingz */ = {
			isa = PBXGroup;
			children = (
				C02C36B024C1158B00648277 /* Artifacts */,
				C02C36A224C0D6CA00648277 /* Views */,
				C02C36A124C0D6B900648277 /* Classes */,
				C02C368B24C0D5AF00648277 /* AppDelegate.swift */,
				C02C368D24C0D5AF00648277 /* DocumentBrowserViewController.swift */,
				C02C369124C0D5AF00648277 /* Document.swift */,
				C02C369324C0D5AF00648277 /* Main.storyboard */,
				C02C369624C0D5B100648277 /* Assets.xcassets */,
				C02C369824C0D5B100648277 /* LaunchScreen.storyboard */,
				C02C369B24C0D5B100648277 /* Info.plist */,
			);
			path = Thingz;
			sourceTree = "<group>";
		};
		C02C36A124C0D6B900648277 /* Classes */ = {
			isa = PBXGroup;
			children = (
				C02C36A324C0D76000648277 /* Thing.swift */,
				C02C36A524C0DD7500648277 /* Location.swift */,
				C02C36AE24C10AF900648277 /* DatabaseFile.swift */,
			);
			path = Classes;
			sourceTree = "<group>";
		};
		C02C36A224C0D6CA00648277 /* Views */ = {
			isa = PBXGroup;
			children = (
				C02C368F24C0D5AF00648277 /* DocumentView.swift */,
				C0BA216824C1C75500648277 /* LocationsListView.swift */,
				C0BA216A24C1CEC500648277 /* LocationRowView.swift */,
				C0BA216E24C2098500648277 /* ThingsListView.swift */,
				C0BA217024C23F6200648277 /* ThingRowView.swift */,
				C0BA216C24C1DD9600648277 /* AddLocationView.swift */,
				C0BA217224C241E800648277 /* AddThingView.swift */,
			);
			path = Views;
			sourceTree = "<group>";
		};
		C02C36A924C0E97B00648277 /* Frameworks */ = {
			isa = PBXGroup;
			children = (
				C02C36AA24C0E97B00648277 /* SQLite.framework */,
			);
			name = Frameworks;
			sourceTree = "<group>";
		};
		C02C36B024C1158B00648277 /* Artifacts */ = {
			isa = PBXGroup;
			children = (
				C02C36B124C115E000648277 /* Untitled.thingz */,
			);
			path = Artifacts;
			sourceTree = "<group>";
		};
/* End PBXGroup section */

/* Begin PBXNativeTarget section */
		C02C368724C0D5AF00648277 /* Thingz */ = {
			isa = PBXNativeTarget;
			buildConfigurationList = C02C369E24C0D5B100648277 /* Build configuration list for PBXNativeTarget "Thingz" */;
			buildPhases = (
				C02C368424C0D5AF00648277 /* Sources */,
				C02C368524C0D5AF00648277 /* Frameworks */,
				C02C368624C0D5AF00648277 /* Resources */,
				C02C36AD24C0E97C00648277 /* Embed Frameworks */,
			);
			buildRules = (
			);
			dependencies = (
			);
			name = Thingz;
			productName = Thingz;
			productReference = C02C368824C0D5AF00648277 /* Thingz.app */;
			productType = "com.apple.product-type.application";
		};
/* End PBXNativeTarget section */

/* Begin PBXProject section */
		C02C368024C0D5AF00648277 /* Project object */ = {
			isa = PBXProject;
			attributes = {
				LastSwiftUpdateCheck = 1160;
				LastUpgradeCheck = 1160;
				ORGANIZATIONNAME = "Viraj Chitnis";
				TargetAttributes = {
					C02C368724C0D5AF00648277 = {
						CreatedOnToolsVersion = 11.6;
					};
				};
			};
			buildConfigurationList = C02C368324C0D5AF00648277 /* Build configuration list for PBXProject "Thingz" */;
			compatibilityVersion = "Xcode 9.3";
			developmentRegion = en;
			hasScannedForEncodings = 0;
			knownRegions = (
				en,
				Base,
			);
			mainGroup = C02C367F24C0D5AF00648277;
			productRefGroup = C02C368924C0D5AF00648277 /* Products */;
			projectDirPath = "";
			projectRoot = "";
			targets = (
				C02C368724C0D5AF00648277 /* Thingz */,
			);
		};
/* End PBXProject section */

/* Begin PBXResourcesBuildPhase section */
		C02C368624C0D5AF00648277 /* Resources */ = {
			isa = PBXResourcesBuildPhase;
			buildActionMask = 2147483647;
			files = (
				C02C369A24C0D5B100648277 /* LaunchScreen.storyboard in Resources */,
				C02C369724C0D5B100648277 /* Assets.xcassets in Resources */,
				C02C36B224C11A2700648277 /* Untitled.thingz in Resources */,
				C02C369524C0D5AF00648277 /* Main.storyboard in Resources */,
			);
			runOnlyForDeploymentPostprocessing = 0;
		};
/* End PBXResourcesBuildPhase section */

/* Begin PBXSourcesBuildPhase section */
		C02C368424C0D5AF00648277 /* Sources */ = {
			isa = PBXSourcesBuildPhase;
			buildActionMask = 2147483647;
			files = (
				C02C369224C0D5AF00648277 /* Document.swift in Sources */,
				C02C368E24C0D5AF00648277 /* DocumentBrowserViewController.swift in Sources */,
				C02C369024C0D5AF00648277 /* DocumentView.swift in Sources */,
				C02C36A424C0D76000648277 /* Thing.swift in Sources */,
				C02C36A624C0DD7500648277 /* Location.swift in Sources */,
				C0BA216924C1C75500648277 /* LocationsListView.swift in Sources */,
				C0BA216B24C1CEC500648277 /* LocationRowView.swift in Sources */,
				C0BA216D24C1DD9600648277 /* AddLocationView.swift in Sources */,
				C02C368C24C0D5AF00648277 /* AppDelegate.swift in Sources */,
				C0BA216F24C2098500648277 /* ThingsListView.swift in Sources */,
				C0BA217124C23F6200648277 /* ThingRowView.swift in Sources */,
				C02C36AF24C10AF900648277 /* DatabaseFile.swift in Sources */,
				C0BA217324C241E800648277 /* AddThingView.swift in Sources */,
			);
			runOnlyForDeploymentPostprocessing = 0;
		};
/* End PBXSourcesBuildPhase section */

/* Begin PBXVariantGroup section */
		C02C369324C0D5AF00648277 /* Main.storyboard */ = {
			isa = PBXVariantGroup;
			children = (
				C02C369424C0D5AF00648277 /* Base */,
			);
			name = Main.storyboard;
			sourceTree = "<group>";
		};
		C02C369824C0D5B100648277 /* LaunchScreen.storyboard */ = {
			isa = PBXVariantGroup;
			children = (
				C02C369924C0D5B100648277 /* Base */,
			);
			name = LaunchScreen.storyboard;
			sourceTree = "<group>";
		};
/* End PBXVariantGroup section */

/* Begin XCBuildConfiguration section */
		C02C369C24C0D5B100648277 /* Debug */ = {
			isa = XCBuildConfiguration;
			buildSettings = {
				ALWAYS_SEARCH_USER_PATHS = NO;
				CLANG_ANALYZER_NONNULL = YES;
				CLANG_ANALYZER_NUMBER_OBJECT_CONVERSION = YES_AGGRESSIVE;
				CLANG_CXX_LANGUAGE_STANDARD = "gnu++14";
				CLANG_CXX_LIBRARY = "libc++";
				CLANG_ENABLE_MODULES = YES;
				CLANG_ENABLE_OBJC_ARC = YES;
				CLANG_ENABLE_OBJC_WEAK = YES;
				CLANG_WARN_BLOCK_CAPTURE_AUTORELEASING = YES;
				CLANG_WARN_BOOL_CONVERSION = YES;
				CLANG_WARN_COMMA = YES;
				CLANG_WARN_CONSTANT_CONVERSION = YES;
				CLANG_WARN_DEPRECATED_OBJC_IMPLEMENTATIONS = YES;
				CLANG_WARN_DIRECT_OBJC_ISA_USAGE = YES_ERROR;
				CLANG_WARN_DOCUMENTATION_COMMENTS = YES;
				CLANG_WARN_EMPTY_BODY = YES;
				CLANG_WARN_ENUM_CONVERSION = YES;
				CLANG_WARN_INFINITE_RECURSION = YES;
				CLANG_WARN_INT_CONVERSION = YES;
				CLANG_WARN_NON_LITERAL_NULL_CONVERSION = YES;
				CLANG_WARN_OBJC_IMPLICIT_RETAIN_SELF = YES;
				CLANG_WARN_OBJC_LITERAL_CONVERSION = YES;
				CLANG_WARN_OBJC_ROOT_CLASS = YES_ERROR;
				CLANG_WARN_RANGE_LOOP_ANALYSIS = YES;
				CLANG_WARN_STRICT_PROTOTYPES = YES;
				CLANG_WARN_SUSPICIOUS_MOVE = YES;
				CLANG_WARN_UNGUARDED_AVAILABILITY = YES_AGGRESSIVE;
				CLANG_WARN_UNREACHABLE_CODE = YES;
				CLANG_WARN__DUPLICATE_METHOD_MATCH = YES;
				COPY_PHASE_STRIP = NO;
				DEBUG_INFORMATION_FORMAT = dwarf;
				ENABLE_STRICT_OBJC_MSGSEND = YES;
				ENABLE_TESTABILITY = YES;
				GCC_C_LANGUAGE_STANDARD = gnu11;
				GCC_DYNAMIC_NO_PIC = NO;
				GCC_NO_COMMON_BLOCKS = YES;
				GCC_OPTIMIZATION_LEVEL = 0;
				GCC_PREPROCESSOR_DEFINITIONS = (
					"DEBUG=1",
					"$(inherited)",
				);
				GCC_WARN_64_TO_32_BIT_CONVERSION = YES;
				GCC_WARN_ABOUT_RETURN_TYPE = YES_ERROR;
				GCC_WARN_UNDECLARED_SELECTOR = YES;
				GCC_WARN_UNINITIALIZED_AUTOS = YES_AGGRESSIVE;
				GCC_WARN_UNUSED_FUNCTION = YES;
				GCC_WARN_UNUSED_VARIABLE = YES;
				IPHONEOS_DEPLOYMENT_TARGET = 13.6;
				MTL_ENABLE_DEBUG_INFO = INCLUDE_SOURCE;
				MTL_FAST_MATH = YES;
				ONLY_ACTIVE_ARCH = YES;
				SDKROOT = iphoneos;
				SWIFT_ACTIVE_COMPILATION_CONDITIONS = DEBUG;
				SWIFT_OPTIMIZATION_LEVEL = "-Onone";
			};
			name = Debug;
		};
		C02C369D24C0D5B100648277 /* Release */ = {
			isa = XCBuildConfiguration;
			buildSettings = {
				ALWAYS_SEARCH_USER_PATHS = NO;
				CLANG_ANALYZER_NONNULL = YES;
				CLANG_ANALYZER_NUMBER_OBJECT_CONVERSION = YES_AGGRESSIVE;
				CLANG_CXX_LANGUAGE_STANDARD = "gnu++14";
				CLANG_CXX_LIBRARY = "libc++";
				CLANG_ENABLE_MODULES = YES;
				CLANG_ENABLE_OBJC_ARC = YES;
				CLANG_ENABLE_OBJC_WEAK = YES;
				CLANG_WARN_BLOCK_CAPTURE_AUTORELEASING = YES;
				CLANG_WARN_BOOL_CONVERSION = YES;
				CLANG_WARN_COMMA = YES;
				CLANG_WARN_CONSTANT_CONVERSION = YES;
				CLANG_WARN_DEPRECATED_OBJC_IMPLEMENTATIONS = YES;
				CLANG_WARN_DIRECT_OBJC_ISA_USAGE = YES_ERROR;
				CLANG_WARN_DOCUMENTATION_COMMENTS = YES;
				CLANG_WARN_EMPTY_BODY = YES;
				CLANG_WARN_ENUM_CONVERSION = YES;
				CLANG_WARN_INFINITE_RECURSION = YES;
				CLANG_WARN_INT_CONVERSION = YES;
				CLANG_WARN_NON_LITERAL_NULL_CONVERSION = YES;
				CLANG_WARN_OBJC_IMPLICIT_RETAIN_SELF = YES;
				CLANG_WARN_OBJC_LITERAL_CONVERSION = YES;
				CLANG_WARN_OBJC_ROOT_CLASS = YES_ERROR;
				CLANG_WARN_RANGE_LOOP_ANALYSIS = YES;
				CLANG_WARN_STRICT_PROTOTYPES = YES;
				CLANG_WARN_SUSPICIOUS_MOVE = YES;
				CLANG_WARN_UNGUARDED_AVAILABILITY = YES_AGGRESSIVE;
				CLANG_WARN_UNREACHABLE_CODE = YES;
				CLANG_WARN__DUPLICATE_METHOD_MATCH = YES;
				COPY_PHASE_STRIP = NO;
				DEBUG_INFORMATION_FORMAT = "dwarf-with-dsym";
				ENABLE_NS_ASSERTIONS = NO;
				ENABLE_STRICT_OBJC_MSGSEND = YES;
				GCC_C_LANGUAGE_STANDARD = gnu11;
				GCC_NO_COMMON_BLOCKS = YES;
				GCC_WARN_64_TO_32_BIT_CONVERSION = YES;
				GCC_WARN_ABOUT_RETURN_TYPE = YES_ERROR;
				GCC_WARN_UNDECLARED_SELECTOR = YES;
				GCC_WARN_UNINITIALIZED_AUTOS = YES_AGGRESSIVE;
				GCC_WARN_UNUSED_FUNCTION = YES;
				GCC_WARN_UNUSED_VARIABLE = YES;
				IPHONEOS_DEPLOYMENT_TARGET = 13.6;
				MTL_ENABLE_DEBUG_INFO = NO;
				MTL_FAST_MATH = YES;
				SDKROOT = iphoneos;
				SWIFT_COMPILATION_MODE = wholemodule;
				SWIFT_OPTIMIZATION_LEVEL = "-O";
				VALIDATE_PRODUCT = YES;
			};
			name = Release;
		};
		C02C369F24C0D5B100648277 /* Debug */ = {
			isa = XCBuildConfiguration;
			buildSettings = {
				ASSETCATALOG_COMPILER_APPICON_NAME = AppIcon;
				CODE_SIGN_STYLE = Automatic;
				DEVELOPMENT_TEAM = 2NHYU6WRMR;
				FRAMEWORK_SEARCH_PATHS = (
					"$(inherited)",
					"$(PROJECT_DIR)/Carthage/Build/iOS",
				);
				INFOPLIST_FILE = Thingz/Info.plist;
				LD_RUNPATH_SEARCH_PATHS = (
					"$(inherited)",
					"@executable_path/Frameworks",
				);
				PRODUCT_BUNDLE_IDENTIFIER = com.virajchitnis.Thingz;
				PRODUCT_NAME = "$(TARGET_NAME)";
				SWIFT_VERSION = 5.0;
				TARGETED_DEVICE_FAMILY = "1,2";
			};
			name = Debug;
		};
		C02C36A024C0D5B100648277 /* Release */ = {
			isa = XCBuildConfiguration;
			buildSettings = {
				ASSETCATALOG_COMPILER_APPICON_NAME = AppIcon;
				CODE_SIGN_STYLE = Automatic;
				DEVELOPMENT_TEAM = 2NHYU6WRMR;
				FRAMEWORK_SEARCH_PATHS = (
					"$(inherited)",
					"$(PROJECT_DIR)/Carthage/Build/iOS",
				);
				INFOPLIST_FILE = Thingz/Info.plist;
				LD_RUNPATH_SEARCH_PATHS = (
					"$(inherited)",
					"@executable_path/Frameworks",
				);
				PRODUCT_BUNDLE_IDENTIFIER = com.virajchitnis.Thingz;
				PRODUCT_NAME = "$(TARGET_NAME)";
				SWIFT_VERSION = 5.0;
				TARGETED_DEVICE_FAMILY = "1,2";
			};
			name = Release;
		};
/* End XCBuildConfiguration section */

/* Begin XCConfigurationList section */
		C02C368324C0D5AF00648277 /* Build configuration list for PBXProject "Thingz" */ = {
			isa = XCConfigurationList;
			buildConfigurations = (
				C02C369C24C0D5B100648277 /* Debug */,
				C02C369D24C0D5B100648277 /* Release */,
			);
			defaultConfigurationIsVisible = 0;
			defaultConfigurationName = Release;
		};
		C02C369E24C0D5B100648277 /* Build configuration list for PBXNativeTarget "Thingz" */ = {
			isa = XCConfigurationList;
			buildConfigurations = (
				C02C369F24C0D5B100648277 /* Debug */,
				C02C36A024C0D5B100648277 /* Release */,
			);
			defaultConfigurationIsVisible = 0;
			defaultConfigurationName = Release;
		};
/* End XCConfigurationList section */
	};
	rootObject = C02C368024C0D5AF00648277 /* Project object */;
}
